// !$*UTF8*$!
{
	archiveVersion = 1;
	classes = {
	};
	objectVersion = 50;
	objects = {

/* Begin PBXBuildFile section */
		04A040FC22F87BDF00207FF8 /* AppDelegate.swift in Sources */ = {isa = PBXBuildFile; fileRef = 04A040FB22F87BDF00207FF8 /* AppDelegate.swift */; };
		04A040FE22F87BDF00207FF8 /* ViewController.swift in Sources */ = {isa = PBXBuildFile; fileRef = 04A040FD22F87BDF00207FF8 /* ViewController.swift */; };
		04A0410122F87BDF00207FF8 /* Main.storyboard in Resources */ = {isa = PBXBuildFile; fileRef = 04A040FF22F87BDF00207FF8 /* Main.storyboard */; };
		04A0410322F87BE000207FF8 /* Assets.xcassets in Resources */ = {isa = PBXBuildFile; fileRef = 04A0410222F87BE000207FF8 /* Assets.xcassets */; };
		04A0410622F87BE000207FF8 /* LaunchScreen.storyboard in Resources */ = {isa = PBXBuildFile; fileRef = 04A0410422F87BE000207FF8 /* LaunchScreen.storyboard */; };
		04A0411122F87BE000207FF8 /* TestXXTEATests.swift in Sources */ = {isa = PBXBuildFile; fileRef = 04A0411022F87BE000207FF8 /* TestXXTEATests.swift */; };
		04A0411C22F87BE000207FF8 /* TestXXTEAUITests.swift in Sources */ = {isa = PBXBuildFile; fileRef = 04A0411B22F87BE000207FF8 /* TestXXTEAUITests.swift */; };
		04A0412A22F87C6500207FF8 /* XXTEA.swift in Sources */ = {isa = PBXBuildFile; fileRef = 04A0412922F87C6500207FF8 /* XXTEA.swift */; };
/* End PBXBuildFile section */

/* Begin PBXContainerItemProxy section */
		04A0410D22F87BE000207FF8 /* PBXContainerItemProxy */ = {
			isa = PBXContainerItemProxy;
			containerPortal = 04A040F022F87BDF00207FF8 /* Project object */;
			proxyType = 1;
			remoteGlobalIDString = 04A040F722F87BDF00207FF8;
			remoteInfo = TestXXTEA;
		};
		04A0411822F87BE000207FF8 /* PBXContainerItemProxy */ = {
			isa = PBXContainerItemProxy;
			containerPortal = 04A040F022F87BDF00207FF8 /* Project object */;
			proxyType = 1;
			remoteGlobalIDString = 04A040F722F87BDF00207FF8;
			remoteInfo = TestXXTEA;
		};
/* End PBXContainerItemProxy section */

/* Begin PBXFileReference section */
		04A040F822F87BDF00207FF8 /* TestXXTEA.app */ = {isa = PBXFileReference; explicitFileType = wrapper.application; includeInIndex = 0; path = TestXXTEA.app; sourceTree = BUILT_PRODUCTS_DIR; };
		04A040FB22F87BDF00207FF8 /* AppDelegate.swift */ = {isa = PBXFileReference; lastKnownFileType = sourcecode.swift; path = AppDelegate.swift; sourceTree = "<group>"; };
		04A040FD22F87BDF00207FF8 /* ViewController.swift */ = {isa = PBXFileReference; lastKnownFileType = sourcecode.swift; path = ViewController.swift; sourceTree = "<group>"; };
		04A0410022F87BDF00207FF8 /* Base */ = {isa = PBXFileReference; lastKnownFileType = file.storyboard; name = Base; path = Base.lproj/Main.storyboard; sourceTree = "<group>"; };
		04A0410222F87BE000207FF8 /* Assets.xcassets */ = {isa = PBXFileReference; lastKnownFileType = folder.assetcatalog; path = Assets.xcassets; sourceTree = "<group>"; };
		04A0410522F87BE000207FF8 /* Base */ = {isa = PBXFileReference; lastKnownFileType = file.storyboard; name = Base; path = Base.lproj/LaunchScreen.storyboard; sourceTree = "<group>"; };
		04A0410722F87BE000207FF8 /* Info.plist */ = {isa = PBXFileReference; lastKnownFileType = text.plist.xml; path = Info.plist; sourceTree = "<group>"; };
		04A0410C22F87BE000207FF8 /* TestXXTEATests.xctest */ = {isa = PBXFileReference; explicitFileType = wrapper.cfbundle; includeInIndex = 0; path = TestXXTEATests.xctest; sourceTree = BUILT_PRODUCTS_DIR; };
		04A0411022F87BE000207FF8 /* TestXXTEATests.swift */ = {isa = PBXFileReference; lastKnownFileType = sourcecode.swift; path = TestXXTEATests.swift; sourceTree = "<group>"; };
		04A0411222F87BE000207FF8 /* Info.plist */ = {isa = PBXFileReference; lastKnownFileType = text.plist.xml; path = Info.plist; sourceTree = "<group>"; };
		04A0411722F87BE000207FF8 /* TestXXTEAUITests.xctest */ = {isa = PBXFileReference; explicitFileType = wrapper.cfbundle; includeInIndex = 0; path = TestXXTEAUITests.xctest; sourceTree = BUILT_PRODUCTS_DIR; };
		04A0411B22F87BE000207FF8 /* TestXXTEAUITests.swift */ = {isa = PBXFileReference; lastKnownFileType = sourcecode.swift; path = TestXXTEAUITests.swift; sourceTree = "<group>"; };
		04A0411D22F87BE000207FF8 /* Info.plist */ = {isa = PBXFileReference; lastKnownFileType = text.plist.xml; path = Info.plist; sourceTree = "<group>"; };
		04A0412922F87C6500207FF8 /* XXTEA.swift */ = {isa = PBXFileReference; fileEncoding = 4; lastKnownFileType = sourcecode.swift; path = XXTEA.swift; sourceTree = "<group>"; };
/* End PBXFileReference section */

/* Begin PBXFrameworksBuildPhase section */
		04A040F522F87BDF00207FF8 /* Frameworks */ = {
			isa = PBXFrameworksBuildPhase;
			buildActionMask = 2147483647;
			files = (
			);
			runOnlyForDeploymentPostprocessing = 0;
		};
		04A0410922F87BE000207FF8 /* Frameworks */ = {
			isa = PBXFrameworksBuildPhase;
			buildActionMask = 2147483647;
			files = (
			);
			runOnlyForDeploymentPostprocessing = 0;
		};
		04A0411422F87BE000207FF8 /* Frameworks */ = {
			isa = PBXFrameworksBuildPhase;
			buildActionMask = 2147483647;
			files = (
			);
			runOnlyForDeploymentPostprocessing = 0;
		};
/* End PBXFrameworksBuildPhase section */

/* Begin PBXGroup section */
		04A040EF22F87BDF00207FF8 = {
			isa = PBXGroup;
			children = (
				04A040FA22F87BDF00207FF8 /* TestXXTEA */,
				04A0410F22F87BE000207FF8 /* TestXXTEATests */,
				04A0411A22F87BE000207FF8 /* TestXXTEAUITests */,
				04A040F922F87BDF00207FF8 /* Products */,
			);
			sourceTree = "<group>";
		};
		04A040F922F87BDF00207FF8 /* Products */ = {
			isa = PBXGroup;
			children = (
				04A040F822F87BDF00207FF8 /* TestXXTEA.app */,
				04A0410C22F87BE000207FF8 /* TestXXTEATests.xctest */,
				04A0411722F87BE000207FF8 /* TestXXTEAUITests.xctest */,
			);
			name = Products;
			sourceTree = "<group>";
		};
		04A040FA22F87BDF00207FF8 /* TestXXTEA */ = {
			isa = PBXGroup;
			children = (
				04A040FB22F87BDF00207FF8 /* AppDelegate.swift */,
				04A040FD22F87BDF00207FF8 /* ViewController.swift */,
				04A0412922F87C6500207FF8 /* XXTEA.swift */,
				04A040FF22F87BDF00207FF8 /* Main.storyboard */,
				04A0410222F87BE000207FF8 /* Assets.xcassets */,
				04A0410422F87BE000207FF8 /* LaunchScreen.storyboard */,
				04A0410722F87BE000207FF8 /* Info.plist */,
			);
			path = TestXXTEA;
			sourceTree = "<group>";
		};
		04A0410F22F87BE000207FF8 /* TestXXTEATests */ = {
			isa = PBXGroup;
			children = (
				04A0411022F87BE000207FF8 /* TestXXTEATests.swift */,
				04A0411222F87BE000207FF8 /* Info.plist */,
			);
			path = TestXXTEATests;
			sourceTree = "<group>";
		};
		04A0411A22F87BE000207FF8 /* TestXXTEAUITests */ = {
			isa = PBXGroup;
			children = (
				04A0411B22F87BE000207FF8 /* TestXXTEAUITests.swift */,
				04A0411D22F87BE000207FF8 /* Info.plist */,
			);
			path = TestXXTEAUITests;
			sourceTree = "<group>";
		};
/* End PBXGroup section */

/* Begin PBXNativeTarget section */
		04A040F722F87BDF00207FF8 /* TestXXTEA */ = {
			isa = PBXNativeTarget;
			buildConfigurationList = 04A0412022F87BE000207FF8 /* Build configuration list for PBXNativeTarget "TestXXTEA" */;
			buildPhases = (
				04A040F422F87BDF00207FF8 /* Sources */,
				04A040F522F87BDF00207FF8 /* Frameworks */,
				04A040F622F87BDF00207FF8 /* Resources */,
			);
			buildRules = (
			);
			dependencies = (
			);
			name = TestXXTEA;
			productName = TestXXTEA;
			productReference = 04A040F822F87BDF00207FF8 /* TestXXTEA.app */;
			productType = "com.apple.product-type.application";
		};
		04A0410B22F87BE000207FF8 /* TestXXTEATests */ = {
			isa = PBXNativeTarget;
			buildConfigurationList = 04A0412322F87BE000207FF8 /* Build configuration list for PBXNativeTarget "TestXXTEATests" */;
			buildPhases = (
				04A0410822F87BE000207FF8 /* Sources */,
				04A0410922F87BE000207FF8 /* Frameworks */,
				04A0410A22F87BE000207FF8 /* Resources */,
			);
			buildRules = (
			);
			dependencies = (
				04A0410E22F87BE000207FF8 /* PBXTargetDependency */,
			);
			name = TestXXTEATests;
			productName = TestXXTEATests;
			productReference = 04A0410C22F87BE000207FF8 /* TestXXTEATests.xctest */;
			productType = "com.apple.product-type.bundle.unit-test";
		};
		04A0411622F87BE000207FF8 /* TestXXTEAUITests */ = {
			isa = PBXNativeTarget;
			buildConfigurationList = 04A0412622F87BE000207FF8 /* Build configuration list for PBXNativeTarget "TestXXTEAUITests" */;
			buildPhases = (
				04A0411322F87BE000207FF8 /* Sources */,
				04A0411422F87BE000207FF8 /* Frameworks */,
				04A0411522F87BE000207FF8 /* Resources */,
			);
			buildRules = (
			);
			dependencies = (
				04A0411922F87BE000207FF8 /* PBXTargetDependency */,
			);
			name = TestXXTEAUITests;
			productName = TestXXTEAUITests;
			productReference = 04A0411722F87BE000207FF8 /* TestXXTEAUITests.xctest */;
			productType = "com.apple.product-type.bundle.ui-testing";
		};
/* End PBXNativeTarget section */

/* Begin PBXProject section */
		04A040F022F87BDF00207FF8 /* Project object */ = {
			isa = PBXProject;
			attributes = {
				LastSwiftUpdateCheck = 1020;
				LastUpgradeCheck = 1020;
				ORGANIZATIONNAME = "郑嘉杰";
				TargetAttributes = {
					04A040F722F87BDF00207FF8 = {
						CreatedOnToolsVersion = 10.2.1;
					};
					04A0410B22F87BE000207FF8 = {
						CreatedOnToolsVersion = 10.2.1;
						TestTargetID = 04A040F722F87BDF00207FF8;
					};
					04A0411622F87BE000207FF8 = {
						CreatedOnToolsVersion = 10.2.1;
						TestTargetID = 04A040F722F87BDF00207FF8;
					};
				};
			};
			buildConfigurationList = 04A040F322F87BDF00207FF8 /* Build configuration list for PBXProject "TestXXTEA" */;
			compatibilityVersion = "Xcode 9.3";
			developmentRegion = en;
			hasScannedForEncodings = 0;
			knownRegions = (
				en,
				Base,
			);
			mainGroup = 04A040EF22F87BDF00207FF8;
			productRefGroup = 04A040F922F87BDF00207FF8 /* Products */;
			projectDirPath = "";
			projectRoot = "";
			targets = (
				04A040F722F87BDF00207FF8 /* TestXXTEA */,
				04A0410B22F87BE000207FF8 /* TestXXTEATests */,
				04A0411622F87BE000207FF8 /* TestXXTEAUITests */,
			);
		};
/* End PBXProject section */

/* Begin PBXResourcesBuildPhase section */
		04A040F622F87BDF00207FF8 /* Resources */ = {
			isa = PBXResourcesBuildPhase;
			buildActionMask = 2147483647;
			files = (
				04A0410622F87BE000207FF8 /* LaunchScreen.storyboard in Resources */,
				04A0410322F87BE000207FF8 /* Assets.xcassets in Resources */,
				04A0410122F87BDF00207FF8 /* Main.storyboard in Resources */,
			);
			runOnlyForDeploymentPostprocessing = 0;
		};
		04A0410A22F87BE000207FF8 /* Resources */ = {
			isa = PBXResourcesBuildPhase;
			buildActionMask = 2147483647;
			files = (
			);
			runOnlyForDeploymentPostprocessing = 0;
		};
		04A0411522F87BE000207FF8 /* Resources */ = {
			isa = PBXResourcesBuildPhase;
			buildActionMask = 2147483647;
			files = (
			);
			runOnlyForDeploymentPostprocessing = 0;
		};
/* End PBXResourcesBuildPhase section */

/* Begin PBXSourcesBuildPhase section */
		04A040F422F87BDF00207FF8 /* Sources */ = {
			isa = PBXSourcesBuildPhase;
			buildActionMask = 2147483647;
			files = (
				04A040FE22F87BDF00207FF8 /* ViewController.swift in Sources */,
				04A0412A22F87C6500207FF8 /* XXTEA.swift in Sources */,
				04A040FC22F87BDF00207FF8 /* AppDelegate.swift in Sources */,
			);
			runOnlyForDeploymentPostprocessing = 0;
		};
		04A0410822F87BE000207FF8 /* Sources */ = {
			isa = PBXSourcesBuildPhase;
			buildActionMask = 2147483647;
			files = (
				04A0411122F87BE000207FF8 /* TestXXTEATests.swift in Sources */,
			);
			runOnlyForDeploymentPostprocessing = 0;
		};
		04A0411322F87BE000207FF8 /* Sources */ = {
			isa = PBXSourcesBuildPhase;
			buildActionMask = 2147483647;
			files = (
				04A0411C22F87BE000207FF8 /* TestXXTEAUITests.swift in Sources */,
			);
			runOnlyForDeploymentPostprocessing = 0;
		};
/* End PBXSourcesBuildPhase section */

/* Begin PBXTargetDependency section */
		04A0410E22F87BE000207FF8 /* PBXTargetDependency */ = {
			isa = PBXTargetDependency;
			target = 04A040F722F87BDF00207FF8 /* TestXXTEA */;
			targetProxy = 04A0410D22F87BE000207FF8 /* PBXContainerItemProxy */;
		};
		04A0411922F87BE000207FF8 /* PBXTargetDependency */ = {
			isa = PBXTargetDependency;
			target = 04A040F722F87BDF00207FF8 /* TestXXTEA */;
			targetProxy = 04A0411822F87BE000207FF8 /* PBXContainerItemProxy */;
		};
/* End PBXTargetDependency section */

/* Begin PBXVariantGroup section */
		04A040FF22F87BDF00207FF8 /* Main.storyboard */ = {
			isa = PBXVariantGroup;
			children = (
				04A0410022F87BDF00207FF8 /* Base */,
			);
			name = Main.storyboard;
			sourceTree = "<group>";
		};
		04A0410422F87BE000207FF8 /* LaunchScreen.storyboard */ = {
			isa = PBXVariantGroup;
			children = (
				04A0410522F87BE000207FF8 /* Base */,
			);
			name = LaunchScreen.storyboard;
			sourceTree = "<group>";
		};
/* End PBXVariantGroup section */

/* Begin XCBuildConfiguration section */
		04A0411E22F87BE000207FF8 /* Debug */ = {
			isa = XCBuildConfiguration;
			buildSettings = {
				ALWAYS_SEARCH_USER_PATHS = NO;
				CLANG_ANALYZER_NONNULL = YES;
				CLANG_ANALYZER_NUMBER_OBJECT_CONVERSION = YES_AGGRESSIVE;
				CLANG_CXX_LANGUAGE_STANDARD = "gnu++14";
				CLANG_CXX_LIBRARY = "libc++";
				CLANG_ENABLE_MODULES = YES;
				CLANG_ENABLE_OBJC_ARC = YES;
				CLANG_ENABLE_OBJC_WEAK = YES;
				CLANG_WARN_BLOCK_CAPTURE_AUTORELEASING = YES;
				CLANG_WARN_BOOL_CONVERSION = YES;
				CLANG_WARN_COMMA = YES;
				CLANG_WARN_CONSTANT_CONVERSION = YES;
				CLANG_WARN_DEPRECATED_OBJC_IMPLEMENTATIONS = YES;
				CLANG_WARN_DIRECT_OBJC_ISA_USAGE = YES_ERROR;
				CLANG_WARN_DOCUMENTATION_COMMENTS = YES;
				CLANG_WARN_EMPTY_BODY = YES;
				CLANG_WARN_ENUM_CONVERSION = YES;
				CLANG_WARN_INFINITE_RECURSION = YES;
				CLANG_WARN_INT_CONVERSION = YES;
				CLANG_WARN_NON_LITERAL_NULL_CONVERSION = YES;
				CLANG_WARN_OBJC_IMPLICIT_RETAIN_SELF = YES;
				CLANG_WARN_OBJC_LITERAL_CONVERSION = YES;
				CLANG_WARN_OBJC_ROOT_CLASS = YES_ERROR;
				CLANG_WARN_RANGE_LOOP_ANALYSIS = YES;
				CLANG_WARN_STRICT_PROTOTYPES = YES;
				CLANG_WARN_SUSPICIOUS_MOVE = YES;
				CLANG_WARN_UNGUARDED_AVAILABILITY = YES_AGGRESSIVE;
				CLANG_WARN_UNREACHABLE_CODE = YES;
				CLANG_WARN__DUPLICATE_METHOD_MATCH = YES;
				CODE_SIGN_IDENTITY = "iPhone Developer";
				COPY_PHASE_STRIP = NO;
				DEBUG_INFORMATION_FORMAT = dwarf;
				ENABLE_STRICT_OBJC_MSGSEND = YES;
				ENABLE_TESTABILITY = YES;
				GCC_C_LANGUAGE_STANDARD = gnu11;
				GCC_DYNAMIC_NO_PIC = NO;
				GCC_NO_COMMON_BLOCKS = YES;
				GCC_OPTIMIZATION_LEVEL = 0;
				GCC_PREPROCESSOR_DEFINITIONS = (
					"DEBUG=1",
					"$(inherited)",
				);
				GCC_WARN_64_TO_32_BIT_CONVERSION = YES;
				GCC_WARN_ABOUT_RETURN_TYPE = YES_ERROR;
				GCC_WARN_UNDECLARED_SELECTOR = YES;
				GCC_WARN_UNINITIALIZED_AUTOS = YES_AGGRESSIVE;
				GCC_WARN_UNUSED_FUNCTION = YES;
				GCC_WARN_UNUSED_VARIABLE = YES;
				IPHONEOS_DEPLOYMENT_TARGET = 12.2;
				MTL_ENABLE_DEBUG_INFO = INCLUDE_SOURCE;
				MTL_FAST_MATH = YES;
				ONLY_ACTIVE_ARCH = YES;
				SDKROOT = iphoneos;
				SWIFT_ACTIVE_COMPILATION_CONDITIONS = DEBUG;
				SWIFT_OPTIMIZATION_LEVEL = "-Onone";
			};
			name = Debug;
		};
		04A0411F22F87BE000207FF8 /* Release */ = {
			isa = XCBuildConfiguration;
			buildSettings = {
				ALWAYS_SEARCH_USER_PATHS = NO;
				CLANG_ANALYZER_NONNULL = YES;
				CLANG_ANALYZER_NUMBER_OBJECT_CONVERSION = YES_AGGRESSIVE;
				CLANG_CXX_LANGUAGE_STANDARD = "gnu++14";
				CLANG_CXX_LIBRARY = "libc++";
				CLANG_ENABLE_MODULES = YES;
				CLANG_ENABLE_OBJC_ARC = YES;
				CLANG_ENABLE_OBJC_WEAK = YES;
				CLANG_WARN_BLOCK_CAPTURE_AUTORELEASING = YES;
				CLANG_WARN_BOOL_CONVERSION = YES;
				CLANG_WARN_COMMA = YES;
				CLANG_WARN_CONSTANT_CONVERSION = YES;
				CLANG_WARN_DEPRECATED_OBJC_IMPLEMENTATIONS = YES;
				CLANG_WARN_DIRECT_OBJC_ISA_USAGE = YES_ERROR;
				CLANG_WARN_DOCUMENTATION_COMMENTS = YES;
				CLANG_WARN_EMPTY_BODY = YES;
				CLANG_WARN_ENUM_CONVERSION = YES;
				CLANG_WARN_INFINITE_RECURSION = YES;
				CLANG_WARN_INT_CONVERSION = YES;
				CLANG_WARN_NON_LITERAL_NULL_CONVERSION = YES;
				CLANG_WARN_OBJC_IMPLICIT_RETAIN_SELF = YES;
				CLANG_WARN_OBJC_LITERAL_CONVERSION = YES;
				CLANG_WARN_OBJC_ROOT_CLASS = YES_ERROR;
				CLANG_WARN_RANGE_LOOP_ANALYSIS = YES;
				CLANG_WARN_STRICT_PROTOTYPES = YES;
				CLANG_WARN_SUSPICIOUS_MOVE = YES;
				CLANG_WARN_UNGUARDED_AVAILABILITY = YES_AGGRESSIVE;
				CLANG_WARN_UNREACHABLE_CODE = YES;
				CLANG_WARN__DUPLICATE_METHOD_MATCH = YES;
				CODE_SIGN_IDENTITY = "iPhone Developer";
				COPY_PHASE_STRIP = NO;
				DEBUG_INFORMATION_FORMAT = "dwarf-with-dsym";
				ENABLE_NS_ASSERTIONS = NO;
				ENABLE_STRICT_OBJC_MSGSEND = YES;
				GCC_C_LANGUAGE_STANDARD = gnu11;
				GCC_NO_COMMON_BLOCKS = YES;
				GCC_WARN_64_TO_32_BIT_CONVERSION = YES;
				GCC_WARN_ABOUT_RETURN_TYPE = YES_ERROR;
				GCC_WARN_UNDECLARED_SELECTOR = YES;
				GCC_WARN_UNINITIALIZED_AUTOS = YES_AGGRESSIVE;
				GCC_WARN_UNUSED_FUNCTION = YES;
				GCC_WARN_UNUSED_VARIABLE = YES;
				IPHONEOS_DEPLOYMENT_TARGET = 12.2;
				MTL_ENABLE_DEBUG_INFO = NO;
				MTL_FAST_MATH = YES;
				SDKROOT = iphoneos;
				SWIFT_COMPILATION_MODE = wholemodule;
				SWIFT_OPTIMIZATION_LEVEL = "-O";
				VALIDATE_PRODUCT = YES;
			};
			name = Release;
		};
		04A0412122F87BE000207FF8 /* Debug */ = {
			isa = XCBuildConfiguration;
			buildSettings = {
				ASSETCATALOG_COMPILER_APPICON_NAME = AppIcon;
				CODE_SIGN_STYLE = Automatic;
				DEVELOPMENT_TEAM = 6ZXDGUBT5V;
				INFOPLIST_FILE = TestXXTEA/Info.plist;
				LD_RUNPATH_SEARCH_PATHS = (
					"$(inherited)",
					"@executable_path/Frameworks",
				);
				PRODUCT_BUNDLE_IDENTIFIER = jack.test.TestXXTEA;
				PRODUCT_NAME = "$(TARGET_NAME)";
				SWIFT_VERSION = 5.0;
				TARGETED_DEVICE_FAMILY = "1,2";
			};
			name = Debug;
		};
		04A0412222F87BE000207FF8 /* Release */ = {
			isa = XCBuildConfiguration;
			buildSettings = {
				ASSETCATALOG_COMPILER_APPICON_NAME = AppIcon;
				CODE_SIGN_STYLE = Automatic;
				DEVELOPMENT_TEAM = 6ZXDGUBT5V;
				INFOPLIST_FILE = TestXXTEA/Info.plist;
				LD_RUNPATH_SEARCH_PATHS = (
					"$(inherited)",
					"@executable_path/Frameworks",
				);
				PRODUCT_BUNDLE_IDENTIFIER = jack.test.TestXXTEA;
				PRODUCT_NAME = "$(TARGET_NAME)";
				SWIFT_VERSION = 5.0;
				TARGETED_DEVICE_FAMILY = "1,2";
			};
			name = Release;
		};
		04A0412422F87BE000207FF8 /* Debug */ = {
			isa = XCBuildConfiguration;
			buildSettings = {
				ALWAYS_EMBED_SWIFT_STANDARD_LIBRARIES = YES;
				BUNDLE_LOADER = "$(TEST_HOST)";
				CODE_SIGN_STYLE = Automatic;
				DEVELOPMENT_TEAM = 6ZXDGUBT5V;
				INFOPLIST_FILE = TestXXTEATests/Info.plist;
				LD_RUNPATH_SEARCH_PATHS = (
					"$(inherited)",
					"@executable_path/Frameworks",
					"@loader_path/Frameworks",
				);
				PRODUCT_BUNDLE_IDENTIFIER = jack.test.TestXXTEATests;
				PRODUCT_NAME = "$(TARGET_NAME)";
				SWIFT_VERSION = 5.0;
				TARGETED_DEVICE_FAMILY = "1,2";
				TEST_HOST = "$(BUILT_PRODUCTS_DIR)/TestXXTEA.app/TestXXTEA";
			};
			name = Debug;
		};
		04A0412522F87BE000207FF8 /* Release */ = {
			isa = XCBuildConfiguration;
			buildSettings = {
				ALWAYS_EMBED_SWIFT_STANDARD_LIBRARIES = YES;
				BUNDLE_LOADER = "$(TEST_HOST)";
				CODE_SIGN_STYLE = Automatic;
				DEVELOPMENT_TEAM = 6ZXDGUBT5V;
				INFOPLIST_FILE = TestXXTEATests/Info.plist;
				LD_RUNPATH_SEARCH_PATHS = (
					"$(inherited)",
					"@executable_path/Frameworks",
					"@loader_path/Frameworks",
				);
				PRODUCT_BUNDLE_IDENTIFIER = jack.test.TestXXTEATests;
				PRODUCT_NAME = "$(TARGET_NAME)";
				SWIFT_VERSION = 5.0;
				TARGETED_DEVICE_FAMILY = "1,2";
				TEST_HOST = "$(BUILT_PRODUCTS_DIR)/TestXXTEA.app/TestXXTEA";
			};
			name = Release;
		};
		04A0412722F87BE000207FF8 /* Debug */ = {
			isa = XCBuildConfiguration;
			buildSettings = {
				ALWAYS_EMBED_SWIFT_STANDARD_LIBRARIES = YES;
				CODE_SIGN_STYLE = Automatic;
				DEVELOPMENT_TEAM = 6ZXDGUBT5V;
				INFOPLIST_FILE = TestXXTEAUITests/Info.plist;
				LD_RUNPATH_SEARCH_PATHS = (
					"$(inherited)",
					"@executable_path/Frameworks",
					"@loader_path/Frameworks",
				);
				PRODUCT_BUNDLE_IDENTIFIER = jack.test.TestXXTEAUITests;
				PRODUCT_NAME = "$(TARGET_NAME)";
				SWIFT_VERSION = 5.0;
				TARGETED_DEVICE_FAMILY = "1,2";
				TEST_TARGET_NAME = TestXXTEA;
			};
			name = Debug;
		};
		04A0412822F87BE000207FF8 /* Release */ = {
			isa = XCBuildConfiguration;
			buildSettings = {
				ALWAYS_EMBED_SWIFT_STANDARD_LIBRARIES = YES;
				CODE_SIGN_STYLE = Automatic;
				DEVELOPMENT_TEAM = 6ZXDGUBT5V;
				INFOPLIST_FILE = TestXXTEAUITests/Info.plist;
				LD_RUNPATH_SEARCH_PATHS = (
					"$(inherited)",
					"@executable_path/Frameworks",
					"@loader_path/Frameworks",
				);
				PRODUCT_BUNDLE_IDENTIFIER = jack.test.TestXXTEAUITests;
				PRODUCT_NAME = "$(TARGET_NAME)";
				SWIFT_VERSION = 5.0;
				TARGETED_DEVICE_FAMILY = "1,2";
				TEST_TARGET_NAME = TestXXTEA;
			};
			name = Release;
		};
/* End XCBuildConfiguration section */

/* Begin XCConfigurationList section */
		04A040F322F87BDF00207FF8 /* Build configuration list for PBXProject "TestXXTEA" */ = {
			isa = XCConfigurationList;
			buildConfigurations = (
				04A0411E22F87BE000207FF8 /* Debug */,
				04A0411F22F87BE000207FF8 /* Release */,
			);
			defaultConfigurationIsVisible = 0;
			defaultConfigurationName = Release;
		};
		04A0412022F87BE000207FF8 /* Build configuration list for PBXNativeTarget "TestXXTEA" */ = {
			isa = XCConfigurationList;
			buildConfigurations = (
				04A0412122F87BE000207FF8 /* Debug */,
				04A0412222F87BE000207FF8 /* Release */,
			);
			defaultConfigurationIsVisible = 0;
			defaultConfigurationName = Release;
		};
		04A0412322F87BE000207FF8 /* Build configuration list for PBXNativeTarget "TestXXTEATests" */ = {
			isa = XCConfigurationList;
			buildConfigurations = (
				04A0412422F87BE000207FF8 /* Debug */,
				04A0412522F87BE000207FF8 /* Release */,
			);
			defaultConfigurationIsVisible = 0;
			defaultConfigurationName = Release;
		};
		04A0412622F87BE000207FF8 /* Build configuration list for PBXNativeTarget "TestXXTEAUITests" */ = {
			isa = XCConfigurationList;
			buildConfigurations = (
				04A0412722F87BE000207FF8 /* Debug */,
				04A0412822F87BE000207FF8 /* Release */,
			);
			defaultConfigurationIsVisible = 0;
			defaultConfigurationName = Release;
		};
/* End XCConfigurationList section */
	};
	rootObject = 04A040F022F87BDF00207FF8 /* Project object */;
}
